schema: '2.0'
stages:
  preprocess_train:
    cmd: python3 pipeline/preprocess.py "data/HistoricDump.tsv"
    deps:
    - path: data/HistoricDump.tsv
      md5: 102f1f4193e0bdebdd6cce7f13e0a839
      size: 54686
    - path: pipeline/preprocess.py
      md5: 50da773c9e330cb0d2d6e8748c99a654
      size: 1063
    outs:
    - path: data/preproccesed_HistoricDump.tsv
      md5: 5fb43a68c3ec5b122224b5fcf73aaada
      size: 31609
  preprocess_test:
    cmd: python3 pipeline/preprocess.py "data/FreshDump.tsv"
    deps:
    - path: data/FreshDump.tsv
      md5: 097c8b95f6b255e5a6a06b29d61fef8e
      size: 6504
    - path: pipeline/preprocess.py
      md5: 50da773c9e330cb0d2d6e8748c99a654
      size: 1063
    outs:
    - path: data/preproccesed_FreshDump.tsv
      md5: c32e82b06050522c3aa13b2b1b8e0b57
      size: 3472
  train:
    cmd: python3 pipeline/train.py "data/preproccesed_HistoricDump.tsv"
    deps:
    - path: data/preproccesed_HistoricDump.tsv
      md5: 5fb43a68c3ec5b122224b5fcf73aaada
      size: 31609
    - path: pipeline/train.py
      md5: 823696c19ec4f90b3c468bb42f883483
      size: 1671
    outs:
    - path: output/bow.pkl
      md5: a937797a3b7cc609036f728f1a66213f
      size: 39826
    - path: output/model
      md5: 24b1c47d8d4e0cfe490370fb7a3e470b
      size: 46215
    - path: output/performance.json
      md5: 018515d3292b393ebd80131e6b39cef2
      size: 74
  test:
    cmd: python3 pipeline/test.py "data/preproccesed_FreshDump.tsv"
    deps:
    - path: data/preproccesed_FreshDump.tsv
      md5: c32e82b06050522c3aa13b2b1b8e0b57
      size: 3472
    - path: output/bow.pkl
      md5: a937797a3b7cc609036f728f1a66213f
      size: 39826
    - path: output/model
      md5: 24b1c47d8d4e0cfe490370fb7a3e470b
      size: 46215
    - path: pipeline/test.py
      md5: ecccc9403849788060523c77eafc5f9e
      size: 604
