schema: '2.0'
stages:
  preprocess_train:
    cmd: python3 pipeline/preprocess.py "data/HistoricDump.tsv"
    deps:
    - path: data/HistoricDump.tsv
      md5: 102f1f4193e0bdebdd6cce7f13e0a839
      size: 54686
    - path: pipeline/preprocess.py
      md5: 50da773c9e330cb0d2d6e8748c99a654
      size: 1063
    outs:
    - path: data/preproccesed_HistoricDump.tsv
      md5: 5fb43a68c3ec5b122224b5fcf73aaada
      size: 31609
  preprocess_test:
    cmd: python3 pipeline/preprocess.py "data/FreshDump.tsv"
    deps:
    - path: data/FreshDump.tsv
      md5: 097c8b95f6b255e5a6a06b29d61fef8e
      size: 6504
    - path: pipeline/preprocess.py
      md5: 50da773c9e330cb0d2d6e8748c99a654
      size: 1063
    outs:
    - path: data/preproccesed_FreshDump.tsv
      md5: c32e82b06050522c3aa13b2b1b8e0b57
      size: 3472
  train:
    cmd: python3 pipeline/train.py "data/preproccesed_HistoricDump.tsv"
    deps:
    - path: data/preproccesed_HistoricDump.tsv
      md5: 5fb43a68c3ec5b122224b5fcf73aaada
      size: 31609
    - path: pipeline/train.py
      md5: 38ef3d4b44d1f91db93368f237fe90e2
      size: 1778
    outs:
    - path: output/bow.pkl
      md5: 27304e379225c863c2ca3019f4889087
      size: 39826
    - path: output/model
      md5: 4cb424c8a28a71627e3785113d1955f8
      size: 46215
    - path: output/performance.json
      md5: 65304a63ffc76a220b659aa42e03c11c
      size: 96
  test:
    cmd: python3 pipeline/test.py "data/preproccesed_FreshDump.tsv"
    deps:
    - path: data/preproccesed_FreshDump.tsv
      md5: c32e82b06050522c3aa13b2b1b8e0b57
      size: 3472
    - path: output/bow.pkl
      md5: 27304e379225c863c2ca3019f4889087
      size: 39826
    - path: output/model
      md5: 4cb424c8a28a71627e3785113d1955f8
      size: 46215
    - path: pipeline/test.py
      md5: ecccc9403849788060523c77eafc5f9e
      size: 604
